// !$*UTF8*$!
{
	archiveVersion = 1;
	classes = {
	};
	objectVersion = 50;
	objects = {

/* Begin PBXBuildFile section */
		B0207B1526A3BC620021387B /* MovieView.swift in Sources */ = {isa = PBXBuildFile; fileRef = B0207B1426A3BC620021387B /* MovieView.swift */; };
		B0207B1626A3BC620021387B /* MovieView.swift in Sources */ = {isa = PBXBuildFile; fileRef = B0207B1426A3BC620021387B /* MovieView.swift */; };
		B0207B2126A3C3C70021387B /* MovieItem.swift in Sources */ = {isa = PBXBuildFile; fileRef = B0207B2026A3C3C70021387B /* MovieItem.swift */; };
		B0207B2226A3C3C70021387B /* MovieItem.swift in Sources */ = {isa = PBXBuildFile; fileRef = B0207B2026A3C3C70021387B /* MovieItem.swift */; };
		B0207B2D26A42DD00021387B /* CloseButton.swift in Sources */ = {isa = PBXBuildFile; fileRef = B0207B2C26A42DD00021387B /* CloseButton.swift */; };
		B0207B2E26A42DD00021387B /* CloseButton.swift in Sources */ = {isa = PBXBuildFile; fileRef = B0207B2C26A42DD00021387B /* CloseButton.swift */; };
		B0207B3226A4309A0021387B /* MovieDetail.swift in Sources */ = {isa = PBXBuildFile; fileRef = B0207B3126A4309A0021387B /* MovieDetail.swift */; };
		B0207B3326A4309A0021387B /* MovieDetail.swift in Sources */ = {isa = PBXBuildFile; fileRef = B0207B3126A4309A0021387B /* MovieDetail.swift */; };
		B07E02E626A0CE9C00F40029 /* trendingStylesApp.swift in Sources */ = {isa = PBXBuildFile; fileRef = B07E02D326A0CE9900F40029 /* trendingStylesApp.swift */; };
		B07E02E726A0CE9C00F40029 /* trendingStylesApp.swift in Sources */ = {isa = PBXBuildFile; fileRef = B07E02D326A0CE9900F40029 /* trendingStylesApp.swift */; };
		B07E02E826A0CE9C00F40029 /* ContentView.swift in Sources */ = {isa = PBXBuildFile; fileRef = B07E02D426A0CE9900F40029 /* ContentView.swift */; };
		B07E02E926A0CE9C00F40029 /* ContentView.swift in Sources */ = {isa = PBXBuildFile; fileRef = B07E02D426A0CE9900F40029 /* ContentView.swift */; };
		B07E02EA26A0CE9C00F40029 /* Assets.xcassets in Resources */ = {isa = PBXBuildFile; fileRef = B07E02D526A0CE9C00F40029 /* Assets.xcassets */; };
		B07E02EB26A0CE9C00F40029 /* Assets.xcassets in Resources */ = {isa = PBXBuildFile; fileRef = B07E02D526A0CE9C00F40029 /* Assets.xcassets */; };
		B07E02F926A3B22F00F40029 /* Movie.swift in Sources */ = {isa = PBXBuildFile; fileRef = B07E02F826A3B22E00F40029 /* Movie.swift */; };
		B07E02FA26A3B22F00F40029 /* Movie.swift in Sources */ = {isa = PBXBuildFile; fileRef = B07E02F826A3B22E00F40029 /* Movie.swift */; };
		B0B56E7326A46738008D6CF8 /* VisualEffectBlur.swift in Sources */ = {isa = PBXBuildFile; fileRef = B0B56E7226A46738008D6CF8 /* VisualEffectBlur.swift */; };
		B0B56E7726A4674D008D6CF8 /* VisualEffectBlur.swift in Sources */ = {isa = PBXBuildFile; fileRef = B0B56E7626A4674D008D6CF8 /* VisualEffectBlur.swift */; };
/* End PBXBuildFile section */

/* Begin PBXFileReference section */
		B0207B1426A3BC620021387B /* MovieView.swift */ = {isa = PBXFileReference; lastKnownFileType = sourcecode.swift; path = MovieView.swift; sourceTree = "<group>"; };
		B0207B2026A3C3C70021387B /* MovieItem.swift */ = {isa = PBXFileReference; lastKnownFileType = sourcecode.swift; path = MovieItem.swift; sourceTree = "<group>"; };
		B0207B2C26A42DD00021387B /* CloseButton.swift */ = {isa = PBXFileReference; lastKnownFileType = sourcecode.swift; path = CloseButton.swift; sourceTree = "<group>"; };
		B0207B3126A4309A0021387B /* MovieDetail.swift */ = {isa = PBXFileReference; lastKnownFileType = sourcecode.swift; path = MovieDetail.swift; sourceTree = "<group>"; };
		B07E02D326A0CE9900F40029 /* trendingStylesApp.swift */ = {isa = PBXFileReference; lastKnownFileType = sourcecode.swift; path = trendingStylesApp.swift; sourceTree = "<group>"; };
		B07E02D426A0CE9900F40029 /* ContentView.swift */ = {isa = PBXFileReference; lastKnownFileType = sourcecode.swift; path = ContentView.swift; sourceTree = "<group>"; };
		B07E02D526A0CE9C00F40029 /* Assets.xcassets */ = {isa = PBXFileReference; lastKnownFileType = folder.assetcatalog; path = Assets.xcassets; sourceTree = "<group>"; };
		B07E02DA26A0CE9C00F40029 /* trendingStyles.app */ = {isa = PBXFileReference; explicitFileType = wrapper.application; includeInIndex = 0; path = trendingStyles.app; sourceTree = BUILT_PRODUCTS_DIR; };
		B07E02DD26A0CE9C00F40029 /* Info.plist */ = {isa = PBXFileReference; lastKnownFileType = text.plist.xml; path = Info.plist; sourceTree = "<group>"; };
		B07E02E226A0CE9C00F40029 /* trendingStyles.app */ = {isa = PBXFileReference; explicitFileType = wrapper.application; includeInIndex = 0; path = trendingStyles.app; sourceTree = BUILT_PRODUCTS_DIR; };
		B07E02E426A0CE9C00F40029 /* Info.plist */ = {isa = PBXFileReference; lastKnownFileType = text.plist.xml; path = Info.plist; sourceTree = "<group>"; };
		B07E02E526A0CE9C00F40029 /* macOS.entitlements */ = {isa = PBXFileReference; lastKnownFileType = text.plist.entitlements; path = macOS.entitlements; sourceTree = "<group>"; };
		B07E02F826A3B22E00F40029 /* Movie.swift */ = {isa = PBXFileReference; lastKnownFileType = sourcecode.swift; path = Movie.swift; sourceTree = "<group>"; };
		B0B56E7226A46738008D6CF8 /* VisualEffectBlur.swift */ = {isa = PBXFileReference; fileEncoding = 4; lastKnownFileType = sourcecode.swift; path = VisualEffectBlur.swift; sourceTree = "<group>"; };
		B0B56E7626A4674D008D6CF8 /* VisualEffectBlur.swift */ = {isa = PBXFileReference; fileEncoding = 4; lastKnownFileType = sourcecode.swift; path = VisualEffectBlur.swift; sourceTree = "<group>"; };
/* End PBXFileReference section */

/* Begin PBXFrameworksBuildPhase section */
		B07E02D726A0CE9C00F40029 /* Frameworks */ = {
			isa = PBXFrameworksBuildPhase;
			buildActionMask = 2147483647;
			files = (
			);
			runOnlyForDeploymentPostprocessing = 0;
		};
		B07E02DF26A0CE9C00F40029 /* Frameworks */ = {
			isa = PBXFrameworksBuildPhase;
			buildActionMask = 2147483647;
			files = (
			);
			runOnlyForDeploymentPostprocessing = 0;
		};
/* End PBXFrameworksBuildPhase section */

/* Begin PBXGroup section */
		B0207B2726A3D5D40021387B /* Model */ = {
			isa = PBXGroup;
			children = (
				B07E02F826A3B22E00F40029 /* Movie.swift */,
			);
			path = Model;
			sourceTree = "<group>";
		};
		B07E02CD26A0CE9900F40029 = {
			isa = PBXGroup;
			children = (
				B07E02D226A0CE9900F40029 /* Shared */,
				B07E02DC26A0CE9C00F40029 /* iOS */,
				B07E02E326A0CE9C00F40029 /* macOS */,
				B07E02DB26A0CE9C00F40029 /* Products */,
			);
			sourceTree = "<group>";
		};
		B07E02D226A0CE9900F40029 /* Shared */ = {
			isa = PBXGroup;
			children = (
				B07E02D326A0CE9900F40029 /* trendingStylesApp.swift */,
				B0207B2726A3D5D40021387B /* Model */,
				B07E02D426A0CE9900F40029 /* ContentView.swift */,
				B0207B2026A3C3C70021387B /* MovieItem.swift */,
				B0207B1426A3BC620021387B /* MovieView.swift */,
				B0207B3126A4309A0021387B /* MovieDetail.swift */,
				B0207B2C26A42DD00021387B /* CloseButton.swift */,
				B07E02D526A0CE9C00F40029 /* Assets.xcassets */,
			);
			path = Shared;
			sourceTree = "<group>";
		};
		B07E02DB26A0CE9C00F40029 /* Products */ = {
			isa = PBXGroup;
			children = (
				B07E02DA26A0CE9C00F40029 /* trendingStyles.app */,
				B07E02E226A0CE9C00F40029 /* trendingStyles.app */,
			);
			name = Products;
			sourceTree = "<group>";
		};
		B07E02DC26A0CE9C00F40029 /* iOS */ = {
			isa = PBXGroup;
			children = (
				B0B56E7226A46738008D6CF8 /* VisualEffectBlur.swift */,
				B07E02DD26A0CE9C00F40029 /* Info.plist */,
			);
			path = iOS;
			sourceTree = "<group>";
		};
		B07E02E326A0CE9C00F40029 /* macOS */ = {
			isa = PBXGroup;
			children = (
				B07E02E426A0CE9C00F40029 /* Info.plist */,
				B0B56E7626A4674D008D6CF8 /* VisualEffectBlur.swift */,
				B07E02E526A0CE9C00F40029 /* macOS.entitlements */,
			);
			path = macOS;
			sourceTree = "<group>";
		};
/* End PBXGroup section */

/* Begin PBXNativeTarget section */
		B07E02D926A0CE9C00F40029 /* trendingStyles (iOS) */ = {
			isa = PBXNativeTarget;
			buildConfigurationList = B07E02EE26A0CE9C00F40029 /* Build configuration list for PBXNativeTarget "trendingStyles (iOS)" */;
			buildPhases = (
				B07E02D626A0CE9C00F40029 /* Sources */,
				B07E02D726A0CE9C00F40029 /* Frameworks */,
				B07E02D826A0CE9C00F40029 /* Resources */,
			);
			buildRules = (
			);
			dependencies = (
			);
			name = "trendingStyles (iOS)";
			productName = "trendingStyles (iOS)";
			productReference = B07E02DA26A0CE9C00F40029 /* trendingStyles.app */;
			productType = "com.apple.product-type.application";
		};
		B07E02E126A0CE9C00F40029 /* trendingStyles (macOS) */ = {
			isa = PBXNativeTarget;
			buildConfigurationList = B07E02F126A0CE9C00F40029 /* Build configuration list for PBXNativeTarget "trendingStyles (macOS)" */;
			buildPhases = (
				B07E02DE26A0CE9C00F40029 /* Sources */,
				B07E02DF26A0CE9C00F40029 /* Frameworks */,
				B07E02E026A0CE9C00F40029 /* Resources */,
			);
			buildRules = (
			);
			dependencies = (
			);
			name = "trendingStyles (macOS)";
			productName = "trendingStyles (macOS)";
			productReference = B07E02E226A0CE9C00F40029 /* trendingStyles.app */;
			productType = "com.apple.product-type.application";
		};
/* End PBXNativeTarget section */

/* Begin PBXProject section */
		B07E02CE26A0CE9900F40029 /* Project object */ = {
			isa = PBXProject;
			attributes = {
				LastSwiftUpdateCheck = 1240;
				LastUpgradeCheck = 1240;
				TargetAttributes = {
					B07E02D926A0CE9C00F40029 = {
						CreatedOnToolsVersion = 12.4;
					};
					B07E02E126A0CE9C00F40029 = {
						CreatedOnToolsVersion = 12.4;
					};
				};
			};
			buildConfigurationList = B07E02D126A0CE9900F40029 /* Build configuration list for PBXProject "trendingStyles" */;
			compatibilityVersion = "Xcode 9.3";
			developmentRegion = en;
			hasScannedForEncodings = 0;
			knownRegions = (
				en,
				Base,
			);
			mainGroup = B07E02CD26A0CE9900F40029;
			productRefGroup = B07E02DB26A0CE9C00F40029 /* Products */;
			projectDirPath = "";
			projectRoot = "";
			targets = (
				B07E02D926A0CE9C00F40029 /* trendingStyles (iOS) */,
				B07E02E126A0CE9C00F40029 /* trendingStyles (macOS) */,
			);
		};
/* End PBXProject section */

/* Begin PBXResourcesBuildPhase section */
		B07E02D826A0CE9C00F40029 /* Resources */ = {
			isa = PBXResourcesBuildPhase;
			buildActionMask = 2147483647;
			files = (
				B07E02EA26A0CE9C00F40029 /* Assets.xcassets in Resources */,
			);
			runOnlyForDeploymentPostprocessing = 0;
		};
		B07E02E026A0CE9C00F40029 /* Resources */ = {
			isa = PBXResourcesBuildPhase;
			buildActionMask = 2147483647;
			files = (
				B07E02EB26A0CE9C00F40029 /* Assets.xcassets in Resources */,
			);
			runOnlyForDeploymentPostprocessing = 0;
		};
/* End PBXResourcesBuildPhase section */

/* Begin PBXSourcesBuildPhase section */
		B07E02D626A0CE9C00F40029 /* Sources */ = {
			isa = PBXSourcesBuildPhase;
			buildActionMask = 2147483647;
			files = (
				B0207B1526A3BC620021387B /* MovieView.swift in Sources */,
				B07E02F926A3B22F00F40029 /* Movie.swift in Sources */,
				B07E02E826A0CE9C00F40029 /* ContentView.swift in Sources */,
				B0207B2126A3C3C70021387B /* MovieItem.swift in Sources */,
				B0207B2D26A42DD00021387B /* CloseButton.swift in Sources */,
				B0B56E7326A46738008D6CF8 /* VisualEffectBlur.swift in Sources */,
				B07E02E626A0CE9C00F40029 /* trendingStylesApp.swift in Sources */,
				B0207B3226A4309A0021387B /* MovieDetail.swift in Sources */,
			);
			runOnlyForDeploymentPostprocessing = 0;
		};
		B07E02DE26A0CE9C00F40029 /* Sources */ = {
			isa = PBXSourcesBuildPhase;
			buildActionMask = 2147483647;
			files = (
				B0207B1626A3BC620021387B /* MovieView.swift in Sources */,
				B07E02FA26A3B22F00F40029 /* Movie.swift in Sources */,
				B07E02E926A0CE9C00F40029 /* ContentView.swift in Sources */,
				B0207B2226A3C3C70021387B /* MovieItem.swift in Sources */,
				B0207B2E26A42DD00021387B /* CloseButton.swift in Sources */,
				B0B56E7726A4674D008D6CF8 /* VisualEffectBlur.swift in Sources */,
				B07E02E726A0CE9C00F40029 /* trendingStylesApp.swift in Sources */,
				B0207B3326A4309A0021387B /* MovieDetail.swift in Sources */,
			);
			runOnlyForDeploymentPostprocessing = 0;
		};
/* End PBXSourcesBuildPhase section */

/* Begin XCBuildConfiguration section */
		B07E02EC26A0CE9C00F40029 /* Debug */ = {
			isa = XCBuildConfiguration;
			buildSettings = {
				ALWAYS_SEARCH_USER_PATHS = NO;
				CLANG_ANALYZER_NONNULL = YES;
				CLANG_ANALYZER_NUMBER_OBJECT_CONVERSION = YES_AGGRESSIVE;
				CLANG_CXX_LANGUAGE_STANDARD = "gnu++14";
				CLANG_CXX_LIBRARY = "libc++";
				CLANG_ENABLE_MODULES = YES;
				CLANG_ENABLE_OBJC_ARC = YES;
				CLANG_ENABLE_OBJC_WEAK = YES;
				CLANG_WARN_BLOCK_CAPTURE_AUTORELEASING = YES;
				CLANG_WARN_BOOL_CONVERSION = YES;
				CLANG_WARN_COMMA = YES;
				CLANG_WARN_CONSTANT_CONVERSION = YES;
				CLANG_WARN_DEPRECATED_OBJC_IMPLEMENTATIONS = YES;
				CLANG_WARN_DIRECT_OBJC_ISA_USAGE = YES_ERROR;
				CLANG_WARN_DOCUMENTATION_COMMENTS = YES;
				CLANG_WARN_EMPTY_BODY = YES;
				CLANG_WARN_ENUM_CONVERSION = YES;
				CLANG_WARN_INFINITE_RECURSION = YES;
				CLANG_WARN_INT_CONVERSION = YES;
				CLANG_WARN_NON_LITERAL_NULL_CONVERSION = YES;
				CLANG_WARN_OBJC_IMPLICIT_RETAIN_SELF = YES;
				CLANG_WARN_OBJC_LITERAL_CONVERSION = YES;
				CLANG_WARN_OBJC_ROOT_CLASS = YES_ERROR;
				CLANG_WARN_QUOTED_INCLUDE_IN_FRAMEWORK_HEADER = YES;
				CLANG_WARN_RANGE_LOOP_ANALYSIS = YES;
				CLANG_WARN_STRICT_PROTOTYPES = YES;
				CLANG_WARN_SUSPICIOUS_MOVE = YES;
				CLANG_WARN_UNGUARDED_AVAILABILITY = YES_AGGRESSIVE;
				CLANG_WARN_UNREACHABLE_CODE = YES;
				CLANG_WARN__DUPLICATE_METHOD_MATCH = YES;
				COPY_PHASE_STRIP = NO;
				DEBUG_INFORMATION_FORMAT = dwarf;
				ENABLE_STRICT_OBJC_MSGSEND = YES;
				ENABLE_TESTABILITY = YES;
				GCC_C_LANGUAGE_STANDARD = gnu11;
				GCC_DYNAMIC_NO_PIC = NO;
				GCC_NO_COMMON_BLOCKS = YES;
				GCC_OPTIMIZATION_LEVEL = 0;
				GCC_PREPROCESSOR_DEFINITIONS = (
					"DEBUG=1",
					"$(inherited)",
				);
				GCC_WARN_64_TO_32_BIT_CONVERSION = YES;
				GCC_WARN_ABOUT_RETURN_TYPE = YES_ERROR;
				GCC_WARN_UNDECLARED_SELECTOR = YES;
				GCC_WARN_UNINITIALIZED_AUTOS = YES_AGGRESSIVE;
				GCC_WARN_UNUSED_FUNCTION = YES;
				GCC_WARN_UNUSED_VARIABLE = YES;
				MTL_ENABLE_DEBUG_INFO = INCLUDE_SOURCE;
				MTL_FAST_MATH = YES;
				ONLY_ACTIVE_ARCH = YES;
				SWIFT_ACTIVE_COMPILATION_CONDITIONS = DEBUG;
				SWIFT_OPTIMIZATION_LEVEL = "-Onone";
			};
			name = Debug;
		};
		B07E02ED26A0CE9C00F40029 /* Release */ = {
			isa = XCBuildConfiguration;
			buildSettings = {
				ALWAYS_SEARCH_USER_PATHS = NO;
				CLANG_ANALYZER_NONNULL = YES;
				CLANG_ANALYZER_NUMBER_OBJECT_CONVERSION = YES_AGGRESSIVE;
				CLANG_CXX_LANGUAGE_STANDARD = "gnu++14";
				CLANG_CXX_LIBRARY = "libc++";
				CLANG_ENABLE_MODULES = YES;
				CLANG_ENABLE_OBJC_ARC = YES;
				CLANG_ENABLE_OBJC_WEAK = YES;
				CLANG_WARN_BLOCK_CAPTURE_AUTORELEASING = YES;
				CLANG_WARN_BOOL_CONVERSION = YES;
				CLANG_WARN_COMMA = YES;
				CLANG_WARN_CONSTANT_CONVERSION = YES;
				CLANG_WARN_DEPRECATED_OBJC_IMPLEMENTATIONS = YES;
				CLANG_WARN_DIRECT_OBJC_ISA_USAGE = YES_ERROR;
				CLANG_WARN_DOCUMENTATION_COMMENTS = YES;
				CLANG_WARN_EMPTY_BODY = YES;
				CLANG_WARN_ENUM_CONVERSION = YES;
				CLANG_WARN_INFINITE_RECURSION = YES;
				CLANG_WARN_INT_CONVERSION = YES;
				CLANG_WARN_NON_LITERAL_NULL_CONVERSION = YES;
				CLANG_WARN_OBJC_IMPLICIT_RETAIN_SELF = YES;
				CLANG_WARN_OBJC_LITERAL_CONVERSION = YES;
				CLANG_WARN_OBJC_ROOT_CLASS = YES_ERROR;
				CLANG_WARN_QUOTED_INCLUDE_IN_FRAMEWORK_HEADER = YES;
				CLANG_WARN_RANGE_LOOP_ANALYSIS = YES;
				CLANG_WARN_STRICT_PROTOTYPES = YES;
				CLANG_WARN_SUSPICIOUS_MOVE = YES;
				CLANG_WARN_UNGUARDED_AVAILABILITY = YES_AGGRESSIVE;
				CLANG_WARN_UNREACHABLE_CODE = YES;
				CLANG_WARN__DUPLICATE_METHOD_MATCH = YES;
				COPY_PHASE_STRIP = NO;
				DEBUG_INFORMATION_FORMAT = "dwarf-with-dsym";
				ENABLE_NS_ASSERTIONS = NO;
				ENABLE_STRICT_OBJC_MSGSEND = YES;
				GCC_C_LANGUAGE_STANDARD = gnu11;
				GCC_NO_COMMON_BLOCKS = YES;
				GCC_WARN_64_TO_32_BIT_CONVERSION = YES;
				GCC_WARN_ABOUT_RETURN_TYPE = YES_ERROR;
				GCC_WARN_UNDECLARED_SELECTOR = YES;
				GCC_WARN_UNINITIALIZED_AUTOS = YES_AGGRESSIVE;
				GCC_WARN_UNUSED_FUNCTION = YES;
				GCC_WARN_UNUSED_VARIABLE = YES;
				MTL_ENABLE_DEBUG_INFO = NO;
				MTL_FAST_MATH = YES;
				SWIFT_COMPILATION_MODE = wholemodule;
				SWIFT_OPTIMIZATION_LEVEL = "-O";
			};
			name = Release;
		};
		B07E02EF26A0CE9C00F40029 /* Debug */ = {
			isa = XCBuildConfiguration;
			buildSettings = {
				ASSETCATALOG_COMPILER_APPICON_NAME = AppIcon;
				ASSETCATALOG_COMPILER_GLOBAL_ACCENT_COLOR_NAME = AccentColor;
				CODE_SIGN_STYLE = Automatic;
				DEVELOPMENT_TEAM = 882GD26M9L;
				ENABLE_PREVIEWS = YES;
				INFOPLIST_FILE = iOS/Info.plist;
				IPHONEOS_DEPLOYMENT_TARGET = 14.0;
				LD_RUNPATH_SEARCH_PATHS = (
					"$(inherited)",
					"@executable_path/Frameworks",
				);
				PRODUCT_BUNDLE_IDENTIFIER = ridwansanusi.com.trendingStyles;
				PRODUCT_NAME = trendingStyles;
				SDKROOT = iphoneos;
				SWIFT_VERSION = 5.0;
				TARGETED_DEVICE_FAMILY = "1,2";
			};
			name = Debug;
		};
		B07E02F026A0CE9C00F40029 /* Release */ = {
			isa = XCBuildConfiguration;
			buildSettings = {
				ASSETCATALOG_COMPILER_APPICON_NAME = AppIcon;
				ASSETCATALOG_COMPILER_GLOBAL_ACCENT_COLOR_NAME = AccentColor;
				CODE_SIGN_STYLE = Automatic;
				DEVELOPMENT_TEAM = 882GD26M9L;
				ENABLE_PREVIEWS = YES;
				INFOPLIST_FILE = iOS/Info.plist;
				IPHONEOS_DEPLOYMENT_TARGET = 14.0;
				LD_RUNPATH_SEARCH_PATHS = (
					"$(inherited)",
					"@executable_path/Frameworks",
				);
				PRODUCT_BUNDLE_IDENTIFIER = ridwansanusi.com.trendingStyles;
				PRODUCT_NAME = trendingStyles;
				SDKROOT = iphoneos;
				SWIFT_VERSION = 5.0;
				TARGETED_DEVICE_FAMILY = "1,2";
				VALIDATE_PRODUCT = YES;
			};
			name = Release;
		};
		B07E02F226A0CE9C00F40029 /* Debug */ = {
			isa = XCBuildConfiguration;
			buildSettings = {
				ASSETCATALOG_COMPILER_APPICON_NAME = AppIcon;
				ASSETCATALOG_COMPILER_GLOBAL_ACCENT_COLOR_NAME = AccentColor;
				CODE_SIGN_ENTITLEMENTS = macOS/macOS.entitlements;
				CODE_SIGN_STYLE = Automatic;
				COMBINE_HIDPI_IMAGES = YES;
				DEVELOPMENT_TEAM = 882GD26M9L;
				ENABLE_HARDENED_RUNTIME = YES;
				ENABLE_PREVIEWS = YES;
				INFOPLIST_FILE = macOS/Info.plist;
				LD_RUNPATH_SEARCH_PATHS = (
					"$(inherited)",
					"@executable_path/../Frameworks",
				);
				MACOSX_DEPLOYMENT_TARGET = 11.0;
				PRODUCT_BUNDLE_IDENTIFIER = ridwansanusi.com.trendingStyles;
				PRODUCT_NAME = trendingStyles;
				SDKROOT = macosx;
				SWIFT_VERSION = 5.0;
			};
			name = Debug;
		};
		B07E02F326A0CE9C00F40029 /* Release */ = {
			isa = XCBuildConfiguration;
			buildSettings = {
				ASSETCATALOG_COMPILER_APPICON_NAME = AppIcon;
				ASSETCATALOG_COMPILER_GLOBAL_ACCENT_COLOR_NAME = AccentColor;
				CODE_SIGN_ENTITLEMENTS = macOS/macOS.entitlements;
				CODE_SIGN_STYLE = Automatic;
				COMBINE_HIDPI_IMAGES = YES;
				DEVELOPMENT_TEAM = 882GD26M9L;
				ENABLE_HARDENED_RUNTIME = YES;
				ENABLE_PREVIEWS = YES;
				INFOPLIST_FILE = macOS/Info.plist;
				LD_RUNPATH_SEARCH_PATHS = (
					"$(inherited)",
					"@executable_path/../Frameworks",
				);
				MACOSX_DEPLOYMENT_TARGET = 11.0;
				PRODUCT_BUNDLE_IDENTIFIER = ridwansanusi.com.trendingStyles;
				PRODUCT_NAME = trendingStyles;
				SDKROOT = macosx;
				SWIFT_VERSION = 5.0;
			};
			name = Release;
		};
/* End XCBuildConfiguration section */

/* Begin XCConfigurationList section */
		B07E02D126A0CE9900F40029 /* Build configuration list for PBXProject "trendingStyles" */ = {
			isa = XCConfigurationList;
			buildConfigurations = (
				B07E02EC26A0CE9C00F40029 /* Debug */,
				B07E02ED26A0CE9C00F40029 /* Release */,
			);
			defaultConfigurationIsVisible = 0;
			defaultConfigurationName = Release;
		};
		B07E02EE26A0CE9C00F40029 /* Build configuration list for PBXNativeTarget "trendingStyles (iOS)" */ = {
			isa = XCConfigurationList;
			buildConfigurations = (
				B07E02EF26A0CE9C00F40029 /* Debug */,
				B07E02F026A0CE9C00F40029 /* Release */,
			);
			defaultConfigurationIsVisible = 0;
			defaultConfigurationName = Release;
		};
		B07E02F126A0CE9C00F40029 /* Build configuration list for PBXNativeTarget "trendingStyles (macOS)" */ = {
			isa = XCConfigurationList;
			buildConfigurations = (
				B07E02F226A0CE9C00F40029 /* Debug */,
				B07E02F326A0CE9C00F40029 /* Release */,
			);
			defaultConfigurationIsVisible = 0;
			defaultConfigurationName = Release;
		};
/* End XCConfigurationList section */
	};
	rootObject = B07E02CE26A0CE9900F40029 /* Project object */;
}
